Microsoft Visual Studio Solution File, Format Version 8.00
Project("{8BC9CEB8-8B4A-11D0-8D11-00A0C91BC942}") = "decay", "decay.vcproj", "{C03F40F9-152E-481F-8F28-0469EF0BE302}"
	ProjectSection(ProjectDependencies) = postProject
	EndProjectSection
EndProject
Global
	GlobalSection(SolutionConfiguration) = preSolution
		Debug = Debug
		Profile = Profile
		Release = Release
	EndGlobalSection
	GlobalSection(ProjectConfiguration) = postSolution
		{C03F40F9-152E-481F-8F28-0469EF0BE302}.Debug.ActiveCfg = Debug|Win32
		{C03F40F9-152E-481F-8F28-0469EF0BE302}.Debug.Build.0 = Debug|Win32
		{C03F40F9-152E-481F-8F28-0469EF0BE302}.Profile.ActiveCfg = Profile|Win32
		{C03F40F9-152E-481F-8F28-0469EF0BE302}.Profile.Build.0 = Profile|Win32
		{C03F40F9-152E-481F-8F28-0469EF0BE302}.Release.ActiveCfg = Release|Win32
		{C03F40F9-152E-481F-8F28-0469EF0BE302}.Release.Build.0 = Release|Win32
	EndGlobalSection
	GlobalSection(ExtensibilityGlobals) = postSolution
	EndGlobalSection
	GlobalSection(ExtensibilityAddIns) = postSolution
	EndGlobalSection
EndGlobal
